
Microsoft Visual Studio Solution File, Format Version 12.00
# Visual Studio Version 16
VisualStudioVersion = 16.0.32413.511
MinimumVisualStudioVersion = 10.0.40219.1
Project("{FAE04EC0-301F-11D3-BF4B-00C04F79EFBC}") = "JavaScript13", "JavaScript13\JavaScript13.csproj", "{4B055A9E-14DF-43FD-BCD8-E13D41C0C093}"
EndProject
Global
	GlobalSection(SolutionConfigurationPlatforms) = preSolution
		Debug|Any CPU = Debug|Any CPU
		Release|Any CPU = Release|Any CPU
	EndGlobalSection
	GlobalSection(ProjectConfigurationPlatforms) = postSolution
		{4B055A9E-14DF-43FD-BCD8-E13D41C0C093}.Debug|Any CPU.ActiveCfg = Debug|Any CPU
		{4B055A9E-14DF-43FD-BCD8-E13D41C0C093}.Debug|Any CPU.Build.0 = Debug|Any CPU
		{4B055A9E-14DF-43FD-BCD8-E13D41C0C093}.Release|Any CPU.ActiveCfg = Release|Any CPU
		{4B055A9E-14DF-43FD-BCD8-E13D41C0C093}.Release|Any CPU.Build.0 = Release|Any CPU
	EndGlobalSection
	GlobalSection(SolutionProperties) = preSolution
		HideSolutionNode = FALSE
	EndGlobalSection
	GlobalSection(ExtensibilityGlobals) = postSolution
		SolutionGuid = {A16BBA06-8D69-4714-8AED-6B4C07AEB372}
	EndGlobalSection
EndGlobal
